
Microsoft Visual Studio Solution File, Format Version 12.00
# Visual Studio Version 17
VisualStudioVersion = 17.9.34622.214
MinimumVisualStudioVersion = 10.0.40219.1
Project("{888888A0-9F3D-457C-B088-3A5042F75D52}") = "KYRSACH", "KYRSACH\KYRSACH.pyproj", "{715CB36F-5B3F-4811-B3B6-853FA7B2DF0C}"
EndProject
Global
	GlobalSection(SolutionConfigurationPlatforms) = preSolution
		Debug|Any CPU = Debug|Any CPU
		Release|Any CPU = Release|Any CPU
	EndGlobalSection
	GlobalSection(ProjectConfigurationPlatforms) = postSolution
		{715CB36F-5B3F-4811-B3B6-853FA7B2DF0C}.Debug|Any CPU.ActiveCfg = Debug|Any CPU
		{715CB36F-5B3F-4811-B3B6-853FA7B2DF0C}.Debug|Any CPU.Build.0 = Debug|Any CPU
		{715CB36F-5B3F-4811-B3B6-853FA7B2DF0C}.Release|Any CPU.ActiveCfg = Release|Any CPU
		{715CB36F-5B3F-4811-B3B6-853FA7B2DF0C}.Release|Any CPU.Build.0 = Release|Any CPU
	EndGlobalSection
	GlobalSection(SolutionProperties) = preSolution
		HideSolutionNode = FALSE
	EndGlobalSection
	GlobalSection(ExtensibilityGlobals) = postSolution
		SolutionGuid = {7E5D7744-B01F-4802-BB09-21DD49E672E4}
	EndGlobalSection
EndGlobal
